{
    "version": 3,
    "terraform_version": "0.11.14",
    "serial": 8,
    "lineage": "016f9d13-9004-8d84-500a-dfc7ec6d41b9",
    "modules": [
        {
            "path": [
                "root"
            ],
            "outputs": {},
            "resources": {
                "aws_instance.tf-ubuntu": {
                    "type": "aws_instance",
                    "depends_on": [
                        "aws_subnet.tf-subnet2",
                        "data.aws_ami.ubuntu"
                    ],
                    "primary": {
                        "id": "i-0ac253e6a907ffa72",
                        "attributes": {
                            "ami": "ami-07e6faad15db3b345",
                            "arn": "arn:aws:ec2:ap-southeast-2:487523894433:instance/i-0ac253e6a907ffa72",
                            "associate_public_ip_address": "false",
                            "availability_zone": "ap-southeast-2b",
                            "cpu_core_count": "1",
                            "cpu_threads_per_core": "1",
                            "credit_specification.#": "1",
                            "credit_specification.0.cpu_credits": "standard",
                            "disable_api_termination": "false",
                            "ebs_block_device.#": "0",
                            "ebs_optimized": "false",
                            "ephemeral_block_device.#": "0",
                            "get_password_data": "false",
                            "iam_instance_profile": "",
                            "id": "i-0ac253e6a907ffa72",
                            "instance_state": "running",
                            "instance_type": "t2.micro",
                            "ipv6_address_count": "0",
                            "ipv6_addresses.#": "0",
                            "key_name": "",
                            "monitoring": "false",
                            "network_interface.#": "0",
                            "password_data": "",
                            "placement_group": "",
                            "primary_network_interface_id": "eni-00d559c38ad188eee",
                            "private_dns": "ip-10-0-33-139.ap-southeast-2.compute.internal",
                            "private_ip": "10.0.33.139",
                            "public_dns": "",
                            "public_ip": "",
                            "root_block_device.#": "1",
                            "root_block_device.0.delete_on_termination": "true",
                            "root_block_device.0.encrypted": "false",
                            "root_block_device.0.iops": "100",
                            "root_block_device.0.kms_key_id": "",
                            "root_block_device.0.volume_id": "vol-0437e2645317f0a5c",
                            "root_block_device.0.volume_size": "8",
                            "root_block_device.0.volume_type": "gp2",
                            "security_groups.#": "0",
                            "source_dest_check": "true",
                            "subnet_id": "subnet-0b18c51190949e066",
                            "tags.%": "1",
                            "tags.Name": "tf-ubuntu",
                            "tenancy": "default",
                            "volume_tags.%": "0",
                            "vpc_security_group_ids.#": "1",
                            "vpc_security_group_ids.4222081982": "sg-0ff8bf1c96f674013"
                        },
                        "meta": {
                            "e2bfb730-ecaa-11e6-8f88-34363bc7c4c0": {
                                "create": 600000000000,
                                "delete": 1200000000000,
                                "update": 600000000000
                            },
                            "schema_version": "1"
                        },
                        "tainted": false
                    },
                    "deposed": [],
                    "provider": "provider.aws"
                },
                "aws_security_group.tf-subnet-sg": {
                    "type": "aws_security_group",
                    "depends_on": [
                        "aws_vpc.tf-linkedin"
                    ],
                    "primary": {
                        "id": "sg-03068c405651546d9",
                        "attributes": {
                            "arn": "arn:aws:ec2:ap-southeast-2:487523894433:security-group/sg-03068c405651546d9",
                            "description": "Managed by Terraform",
                            "egress.#": "0",
                            "id": "sg-03068c405651546d9",
                            "ingress.#": "1",
                            "ingress.2165049311.cidr_blocks.#": "1",
                            "ingress.2165049311.cidr_blocks.0": "10.0.0.0/16",
                            "ingress.2165049311.description": "",
                            "ingress.2165049311.from_port": "80",
                            "ingress.2165049311.ipv6_cidr_blocks.#": "0",
                            "ingress.2165049311.prefix_list_ids.#": "0",
                            "ingress.2165049311.protocol": "tcp",
                            "ingress.2165049311.security_groups.#": "0",
                            "ingress.2165049311.self": "false",
                            "ingress.2165049311.to_port": "80",
                            "name": "terraform-20191105051044305100000001",
                            "owner_id": "487523894433",
                            "revoke_rules_on_delete": "false",
                            "tags.%": "0",
                            "vpc_id": "vpc-0149188030dd66af0"
                        },
                        "meta": {
                            "e2bfb730-ecaa-11e6-8f88-34363bc7c4c0": {
                                "create": 600000000000,
                                "delete": 600000000000
                            },
                            "schema_version": "1"
                        },
                        "tainted": false
                    },
                    "deposed": [],
                    "provider": "provider.aws"
                },
                "aws_subnet.tf-subnet1": {
                    "type": "aws_subnet",
                    "depends_on": [
                        "aws_vpc.tf-linkedin"
                    ],
                    "primary": {
                        "id": "subnet-0b2d9f0e957aeff29",
                        "attributes": {
                            "arn": "arn:aws:ec2:ap-southeast-2:487523894433:subnet/subnet-0b2d9f0e957aeff29",
                            "assign_ipv6_address_on_creation": "false",
                            "availability_zone": "ap-southeast-2a",
                            "availability_zone_id": "apse2-az1",
                            "cidr_block": "10.0.16.0/20",
                            "id": "subnet-0b2d9f0e957aeff29",
                            "ipv6_cidr_block": "",
                            "ipv6_cidr_block_association_id": "",
                            "map_public_ip_on_launch": "false",
                            "owner_id": "487523894433",
                            "tags.%": "1",
                            "tags.Name": "tf-subnet1",
                            "vpc_id": "vpc-0149188030dd66af0"
                        },
                        "meta": {
                            "e2bfb730-ecaa-11e6-8f88-34363bc7c4c0": {
                                "create": 600000000000,
                                "delete": 1200000000000
                            },
                            "schema_version": "1"
                        },
                        "tainted": false
                    },
                    "deposed": [],
                    "provider": "provider.aws"
                },
                "aws_subnet.tf-subnet2": {
                    "type": "aws_subnet",
                    "depends_on": [
                        "aws_vpc.tf-linkedin"
                    ],
                    "primary": {
                        "id": "subnet-0b18c51190949e066",
                        "attributes": {
                            "arn": "arn:aws:ec2:ap-southeast-2:487523894433:subnet/subnet-0b18c51190949e066",
                            "assign_ipv6_address_on_creation": "false",
                            "availability_zone": "ap-southeast-2b",
                            "availability_zone_id": "apse2-az3",
                            "cidr_block": "10.0.32.0/20",
                            "id": "subnet-0b18c51190949e066",
                            "ipv6_cidr_block": "",
                            "ipv6_cidr_block_association_id": "",
                            "map_public_ip_on_launch": "false",
                            "owner_id": "487523894433",
                            "tags.%": "1",
                            "tags.Name": "tf-subnet2",
                            "vpc_id": "vpc-0149188030dd66af0"
                        },
                        "meta": {
                            "e2bfb730-ecaa-11e6-8f88-34363bc7c4c0": {
                                "create": 600000000000,
                                "delete": 1200000000000
                            },
                            "schema_version": "1"
                        },
                        "tainted": false
                    },
                    "deposed": [],
                    "provider": "provider.aws"
                },
                "aws_vpc.tf-linkedin": {
                    "type": "aws_vpc",
                    "depends_on": [],
                    "primary": {
                        "id": "vpc-0149188030dd66af0",
                        "attributes": {
                            "arn": "arn:aws:ec2:ap-southeast-2:487523894433:vpc/vpc-0149188030dd66af0",
                            "assign_generated_ipv6_cidr_block": "false",
                            "cidr_block": "10.0.0.0/16",
                            "default_network_acl_id": "acl-0ee0287b725fd1991",
                            "default_route_table_id": "rtb-097d918fad6c5576b",
                            "default_security_group_id": "sg-0ff8bf1c96f674013",
                            "dhcp_options_id": "dopt-882b6cef",
                            "enable_classiclink": "false",
                            "enable_classiclink_dns_support": "false",
                            "enable_dns_hostnames": "true",
                            "enable_dns_support": "true",
                            "id": "vpc-0149188030dd66af0",
                            "instance_tenancy": "default",
                            "ipv6_association_id": "",
                            "ipv6_cidr_block": "",
                            "main_route_table_id": "rtb-097d918fad6c5576b",
                            "owner_id": "487523894433",
                            "tags.%": "1",
                            "tags.Name": "tf-linkedin"
                        },
                        "meta": {
                            "schema_version": "1"
                        },
                        "tainted": false
                    },
                    "deposed": [],
                    "provider": "provider.aws"
                },
                "data.aws_ami.ubuntu": {
                    "type": "aws_ami",
                    "depends_on": [],
                    "primary": {
                        "id": "ami-07e6faad15db3b345",
                        "attributes": {
                            "architecture": "x86_64",
                            "block_device_mappings.#": "3",
                            "block_device_mappings.1634610537.device_name": "/dev/sdb",
                            "block_device_mappings.1634610537.ebs.%": "0",
                            "block_device_mappings.1634610537.no_device": "",
                            "block_device_mappings.1634610537.virtual_name": "ephemeral0",
                            "block_device_mappings.2547816212.device_name": "/dev/sda1",
                            "block_device_mappings.2547816212.ebs.%": "6",
                            "block_device_mappings.2547816212.ebs.delete_on_termination": "true",
                            "block_device_mappings.2547816212.ebs.encrypted": "false",
                            "block_device_mappings.2547816212.ebs.iops": "0",
                            "block_device_mappings.2547816212.ebs.snapshot_id": "snap-0cf3ae7865b608064",
                            "block_device_mappings.2547816212.ebs.volume_size": "8",
                            "block_device_mappings.2547816212.ebs.volume_type": "gp2",
                            "block_device_mappings.2547816212.no_device": "",
                            "block_device_mappings.2547816212.virtual_name": "",
                            "block_device_mappings.3850042718.device_name": "/dev/sdc",
                            "block_device_mappings.3850042718.ebs.%": "0",
                            "block_device_mappings.3850042718.no_device": "",
                            "block_device_mappings.3850042718.virtual_name": "ephemeral1",
                            "creation_date": "2019-05-15T11:57:38.000Z",
                            "description": "Canonical, Ubuntu, 14.04 LTS, amd64 trusty image build on 2019-05-14",
                            "filter.#": "2",
                            "filter.4182425345.name": "name",
                            "filter.4182425345.values.#": "1",
                            "filter.4182425345.values.0": "ubuntu/images/hvm-ssd/ubuntu-trusty-14.04-amd64-server-*",
                            "filter.490168357.name": "virtualization-type",
                            "filter.490168357.values.#": "1",
                            "filter.490168357.values.0": "hvm",
                            "hypervisor": "xen",
                            "id": "ami-07e6faad15db3b345",
                            "image_id": "ami-07e6faad15db3b345",
                            "image_location": "099720109477/ubuntu/images/hvm-ssd/ubuntu-trusty-14.04-amd64-server-20190514",
                            "image_type": "machine",
                            "most_recent": "true",
                            "name": "ubuntu/images/hvm-ssd/ubuntu-trusty-14.04-amd64-server-20190514",
                            "owner_id": "099720109477",
                            "owners.#": "1",
                            "owners.0": "099720109477",
                            "product_codes.#": "0",
                            "public": "true",
                            "root_device_name": "/dev/sda1",
                            "root_device_type": "ebs",
                            "root_snapshot_id": "snap-0cf3ae7865b608064",
                            "sriov_net_support": "simple",
                            "state": "available",
                            "state_reason.%": "2",
                            "state_reason.code": "UNSET",
                            "state_reason.message": "UNSET",
                            "tags.%": "0",
                            "virtualization_type": "hvm"
                        },
                        "meta": {},
                        "tainted": false
                    },
                    "deposed": [],
                    "provider": "provider.aws"
                }
            },
            "depends_on": []
        }
    ]
}
